// !$*UTF8*$!
{
	archiveVersion = 1;
	classes = {
	};
	objectVersion = 77;
	objects = {

/* Begin PBXBuildFile section */
		30CE54B92CCC661200D22CFE /* Preview Assets.xcassets in Resources */ = {isa = PBXBuildFile; fileRef = 30CE54B22CCC661200D22CFE /* Preview Assets.xcassets */; };
		30CE54BA2CCC661200D22CFE /* Assets.xcassets in Resources */ = {isa = PBXBuildFile; fileRef = 30CE54B42CCC661200D22CFE /* Assets.xcassets */; };
		30CE54BB2CCC661200D22CFE /* ContentView.swift in Sources */ = {isa = PBXBuildFile; fileRef = 30CE54B52CCC661200D22CFE /* ContentView.swift */; };
		30CE54BC2CCC661200D22CFE /* Item.swift in Sources */ = {isa = PBXBuildFile; fileRef = 30CE54B62CCC661200D22CFE /* Item.swift */; };
		30CE54BD2CCC661200D22CFE /* MessengerApp.swift in Sources */ = {isa = PBXBuildFile; fileRef = 30CE54B72CCC661200D22CFE /* MessengerApp.swift */; };
		30CE54CB2CCC8C2900D22CFE /* LoginView.swift in Sources */ = {isa = PBXBuildFile; fileRef = 30CE54CA2CCC8C2900D22CFE /* LoginView.swift */; };
/* End PBXBuildFile section */

/* Begin PBXContainerItemProxy section */
		30CE54962CCC65D900D22CFE /* PBXContainerItemProxy */ = {
			isa = PBXContainerItemProxy;
			containerPortal = 30CE547B2CCC65D700D22CFE /* Project object */;
			proxyType = 1;
			remoteGlobalIDString = 30CE54822CCC65D700D22CFE;
			remoteInfo = Messenger;
		};
		30CE54A02CCC65D900D22CFE /* PBXContainerItemProxy */ = {
			isa = PBXContainerItemProxy;
			containerPortal = 30CE547B2CCC65D700D22CFE /* Project object */;
			proxyType = 1;
			remoteGlobalIDString = 30CE54822CCC65D700D22CFE;
			remoteInfo = Messenger;
		};
/* End PBXContainerItemProxy section */

/* Begin PBXFileReference section */
		30CE54832CCC65D700D22CFE /* Messenger.app */ = {isa = PBXFileReference; explicitFileType = wrapper.application; includeInIndex = 0; path = Messenger.app; sourceTree = BUILT_PRODUCTS_DIR; };
		30CE54952CCC65D900D22CFE /* MessengerTests.xctest */ = {isa = PBXFileReference; explicitFileType = wrapper.cfbundle; includeInIndex = 0; path = MessengerTests.xctest; sourceTree = BUILT_PRODUCTS_DIR; };
		30CE549F2CCC65D900D22CFE /* MessengerUITests.xctest */ = {isa = PBXFileReference; explicitFileType = wrapper.cfbundle; includeInIndex = 0; path = MessengerUITests.xctest; sourceTree = BUILT_PRODUCTS_DIR; };
		30CE54B22CCC661200D22CFE /* Preview Assets.xcassets */ = {isa = PBXFileReference; lastKnownFileType = folder.assetcatalog; path = "Preview Assets.xcassets"; sourceTree = "<group>"; };
		30CE54B42CCC661200D22CFE /* Assets.xcassets */ = {isa = PBXFileReference; lastKnownFileType = folder.assetcatalog; path = Assets.xcassets; sourceTree = "<group>"; };
		30CE54B52CCC661200D22CFE /* ContentView.swift */ = {isa = PBXFileReference; lastKnownFileType = sourcecode.swift; path = ContentView.swift; sourceTree = "<group>"; };
		30CE54B62CCC661200D22CFE /* Item.swift */ = {isa = PBXFileReference; lastKnownFileType = sourcecode.swift; path = Item.swift; sourceTree = "<group>"; };
		30CE54B72CCC661200D22CFE /* MessengerApp.swift */ = {isa = PBXFileReference; lastKnownFileType = sourcecode.swift; path = MessengerApp.swift; sourceTree = "<group>"; };
		30CE54CA2CCC8C2900D22CFE /* LoginView.swift */ = {isa = PBXFileReference; lastKnownFileType = sourcecode.swift; path = LoginView.swift; sourceTree = "<group>"; };
/* End PBXFileReference section */

/* Begin PBXFileSystemSynchronizedRootGroup section */
		30CE54982CCC65D900D22CFE /* MessengerTests */ = {
			isa = PBXFileSystemSynchronizedRootGroup;
			path = MessengerTests;
			sourceTree = "<group>";
		};
		30CE54A22CCC65D900D22CFE /* MessengerUITests */ = {
			isa = PBXFileSystemSynchronizedRootGroup;
			path = MessengerUITests;
			sourceTree = "<group>";
		};
/* End PBXFileSystemSynchronizedRootGroup section */

/* Begin PBXFrameworksBuildPhase section */
		30CE54802CCC65D700D22CFE /* Frameworks */ = {
			isa = PBXFrameworksBuildPhase;
			buildActionMask = 2147483647;
			files = (
			);
			runOnlyForDeploymentPostprocessing = 0;
		};
		30CE54922CCC65D900D22CFE /* Frameworks */ = {
			isa = PBXFrameworksBuildPhase;
			buildActionMask = 2147483647;
			files = (
			);
			runOnlyForDeploymentPostprocessing = 0;
		};
		30CE549C2CCC65D900D22CFE /* Frameworks */ = {
			isa = PBXFrameworksBuildPhase;
			buildActionMask = 2147483647;
			files = (
			);
			runOnlyForDeploymentPostprocessing = 0;
		};
/* End PBXFrameworksBuildPhase section */

/* Begin PBXGroup section */
		30CE547A2CCC65D700D22CFE = {
			isa = PBXGroup;
			children = (
				30CE54B82CCC661200D22CFE /* Messenger */,
				30CE54982CCC65D900D22CFE /* MessengerTests */,
				30CE54A22CCC65D900D22CFE /* MessengerUITests */,
				30CE54842CCC65D700D22CFE /* Products */,
			);
			sourceTree = "<group>";
		};
		30CE54842CCC65D700D22CFE /* Products */ = {
			isa = PBXGroup;
			children = (
				30CE54832CCC65D700D22CFE /* Messenger.app */,
				30CE54952CCC65D900D22CFE /* MessengerTests.xctest */,
				30CE549F2CCC65D900D22CFE /* MessengerUITests.xctest */,
			);
			name = Products;
			sourceTree = "<group>";
		};
		30CE54B32CCC661200D22CFE /* Preview Content */ = {
			isa = PBXGroup;
			children = (
				30CE54B22CCC661200D22CFE /* Preview Assets.xcassets */,
			);
			path = "Preview Content";
			sourceTree = "<group>";
		};
		30CE54B82CCC661200D22CFE /* Messenger */ = {
			isa = PBXGroup;
			children = (
				30CE54BE2CCC661500D22CFE /* App */,
				30CE54C22CCC663400D22CFE /* Extensions */,
				30CE54BF2CCC662200D22CFE /* Core */,
				30CE54C02CCC662700D22CFE /* Model */,
				30CE54C12CCC662F00D22CFE /* Service */,
				30CE54B42CCC661200D22CFE /* Assets.xcassets */,
				30CE54B52CCC661200D22CFE /* ContentView.swift */,
				30CE54B62CCC661200D22CFE /* Item.swift */,
				30CE54B32CCC661200D22CFE /* Preview Content */,
			);
			path = Messenger;
			sourceTree = "<group>";
		};
		30CE54BE2CCC661500D22CFE /* App */ = {
			isa = PBXGroup;
			children = (
				30CE54B72CCC661200D22CFE /* MessengerApp.swift */,
			);
			path = App;
			sourceTree = "<group>";
		};
		30CE54BF2CCC662200D22CFE /* Core */ = {
			isa = PBXGroup;
			children = (
				30CE54C32CCC66A300D22CFE /* Authentication */,
				30CE54C42CCC66B400D22CFE /* Root */,
			);
			path = Core;
			sourceTree = "<group>";
		};
		30CE54C02CCC662700D22CFE /* Model */ = {
			isa = PBXGroup;
			children = (
			);
			path = Model;
			sourceTree = "<group>";
		};
		30CE54C12CCC662F00D22CFE /* Service */ = {
			isa = PBXGroup;
			children = (
			);
			path = Service;
			sourceTree = "<group>";
		};
		30CE54C22CCC663400D22CFE /* Extensions */ = {
			isa = PBXGroup;
			children = (
			);
			path = Extensions;
			sourceTree = "<group>";
		};
		30CE54C32CCC66A300D22CFE /* Authentication */ = {
			isa = PBXGroup;
			children = (
				30CE54C52CCC69F600D22CFE /* View */,
			);
			path = Authentication;
			sourceTree = "<group>";
		};
		30CE54C42CCC66B400D22CFE /* Root */ = {
			isa = PBXGroup;
			children = (
			);
			path = Root;
			sourceTree = "<group>";
		};
		30CE54C52CCC69F600D22CFE /* View */ = {
			isa = PBXGroup;
			children = (
				30CE54CA2CCC8C2900D22CFE /* LoginView.swift */,
			);
			path = View;
			sourceTree = "<group>";
		};
/* End PBXGroup section */

/* Begin PBXNativeTarget section */
		30CE54822CCC65D700D22CFE /* Messenger */ = {
			isa = PBXNativeTarget;
			buildConfigurationList = 30CE54A92CCC65D900D22CFE /* Build configuration list for PBXNativeTarget "Messenger" */;
			buildPhases = (
				30CE547F2CCC65D700D22CFE /* Sources */,
				30CE54802CCC65D700D22CFE /* Frameworks */,
				30CE54812CCC65D700D22CFE /* Resources */,
			);
			buildRules = (
			);
			dependencies = (
			);
			name = Messenger;
			packageProductDependencies = (
			);
			productName = Messenger;
			productReference = 30CE54832CCC65D700D22CFE /* Messenger.app */;
			productType = "com.apple.product-type.application";
		};
		30CE54942CCC65D900D22CFE /* MessengerTests */ = {
			isa = PBXNativeTarget;
			buildConfigurationList = 30CE54AC2CCC65D900D22CFE /* Build configuration list for PBXNativeTarget "MessengerTests" */;
			buildPhases = (
				30CE54912CCC65D900D22CFE /* Sources */,
				30CE54922CCC65D900D22CFE /* Frameworks */,
				30CE54932CCC65D900D22CFE /* Resources */,
			);
			buildRules = (
			);
			dependencies = (
				30CE54972CCC65D900D22CFE /* PBXTargetDependency */,
			);
			fileSystemSynchronizedGroups = (
				30CE54982CCC65D900D22CFE /* MessengerTests */,
			);
			name = MessengerTests;
			packageProductDependencies = (
			);
			productName = MessengerTests;
			productReference = 30CE54952CCC65D900D22CFE /* MessengerTests.xctest */;
			productType = "com.apple.product-type.bundle.unit-test";
		};
		30CE549E2CCC65D900D22CFE /* MessengerUITests */ = {
			isa = PBXNativeTarget;
			buildConfigurationList = 30CE54AF2CCC65D900D22CFE /* Build configuration list for PBXNativeTarget "MessengerUITests" */;
			buildPhases = (
				30CE549B2CCC65D900D22CFE /* Sources */,
				30CE549C2CCC65D900D22CFE /* Frameworks */,
				30CE549D2CCC65D900D22CFE /* Resources */,
			);
			buildRules = (
			);
			dependencies = (
				30CE54A12CCC65D900D22CFE /* PBXTargetDependency */,
			);
			fileSystemSynchronizedGroups = (
				30CE54A22CCC65D900D22CFE /* MessengerUITests */,
			);
			name = MessengerUITests;
			packageProductDependencies = (
			);
			productName = MessengerUITests;
			productReference = 30CE549F2CCC65D900D22CFE /* MessengerUITests.xctest */;
			productType = "com.apple.product-type.bundle.ui-testing";
		};
/* End PBXNativeTarget section */

/* Begin PBXProject section */
		30CE547B2CCC65D700D22CFE /* Project object */ = {
			isa = PBXProject;
			attributes = {
				BuildIndependentTargetsInParallel = 1;
				LastSwiftUpdateCheck = 1600;
				LastUpgradeCheck = 1600;
				TargetAttributes = {
					30CE54822CCC65D700D22CFE = {
						CreatedOnToolsVersion = 16.0;
					};
					30CE54942CCC65D900D22CFE = {
						CreatedOnToolsVersion = 16.0;
						TestTargetID = 30CE54822CCC65D700D22CFE;
					};
					30CE549E2CCC65D900D22CFE = {
						CreatedOnToolsVersion = 16.0;
						TestTargetID = 30CE54822CCC65D700D22CFE;
					};
				};
			};
			buildConfigurationList = 30CE547E2CCC65D700D22CFE /* Build configuration list for PBXProject "Messenger" */;
			developmentRegion = en;
			hasScannedForEncodings = 0;
			knownRegions = (
				en,
				Base,
			);
			mainGroup = 30CE547A2CCC65D700D22CFE;
			minimizedProjectReferenceProxies = 1;
			preferredProjectObjectVersion = 77;
			productRefGroup = 30CE54842CCC65D700D22CFE /* Products */;
			projectDirPath = "";
			projectRoot = "";
			targets = (
				30CE54822CCC65D700D22CFE /* Messenger */,
				30CE54942CCC65D900D22CFE /* MessengerTests */,
				30CE549E2CCC65D900D22CFE /* MessengerUITests */,
			);
		};
/* End PBXProject section */

/* Begin PBXResourcesBuildPhase section */
		30CE54812CCC65D700D22CFE /* Resources */ = {
			isa = PBXResourcesBuildPhase;
			buildActionMask = 2147483647;
			files = (
				30CE54B92CCC661200D22CFE /* Preview Assets.xcassets in Resources */,
				30CE54BA2CCC661200D22CFE /* Assets.xcassets in Resources */,
			);
			runOnlyForDeploymentPostprocessing = 0;
		};
		30CE54932CCC65D900D22CFE /* Resources */ = {
			isa = PBXResourcesBuildPhase;
			buildActionMask = 2147483647;
			files = (
			);
			runOnlyForDeploymentPostprocessing = 0;
		};
		30CE549D2CCC65D900D22CFE /* Resources */ = {
			isa = PBXResourcesBuildPhase;
			buildActionMask = 2147483647;
			files = (
			);
			runOnlyForDeploymentPostprocessing = 0;
		};
/* End PBXResourcesBuildPhase section */

/* Begin PBXSourcesBuildPhase section */
		30CE547F2CCC65D700D22CFE /* Sources */ = {
			isa = PBXSourcesBuildPhase;
			buildActionMask = 2147483647;
			files = (
				30CE54BB2CCC661200D22CFE /* ContentView.swift in Sources */,
				30CE54BC2CCC661200D22CFE /* Item.swift in Sources */,
				30CE54CB2CCC8C2900D22CFE /* LoginView.swift in Sources */,
				30CE54BD2CCC661200D22CFE /* MessengerApp.swift in Sources */,
			);
			runOnlyForDeploymentPostprocessing = 0;
		};
		30CE54912CCC65D900D22CFE /* Sources */ = {
			isa = PBXSourcesBuildPhase;
			buildActionMask = 2147483647;
			files = (
			);
			runOnlyForDeploymentPostprocessing = 0;
		};
		30CE549B2CCC65D900D22CFE /* Sources */ = {
			isa = PBXSourcesBuildPhase;
			buildActionMask = 2147483647;
			files = (
			);
			runOnlyForDeploymentPostprocessing = 0;
		};
/* End PBXSourcesBuildPhase section */

/* Begin PBXTargetDependency section */
		30CE54972CCC65D900D22CFE /* PBXTargetDependency */ = {
			isa = PBXTargetDependency;
			target = 30CE54822CCC65D700D22CFE /* Messenger */;
			targetProxy = 30CE54962CCC65D900D22CFE /* PBXContainerItemProxy */;
		};
		30CE54A12CCC65D900D22CFE /* PBXTargetDependency */ = {
			isa = PBXTargetDependency;
			target = 30CE54822CCC65D700D22CFE /* Messenger */;
			targetProxy = 30CE54A02CCC65D900D22CFE /* PBXContainerItemProxy */;
		};
/* End PBXTargetDependency section */

/* Begin XCBuildConfiguration section */
		30CE54A72CCC65D900D22CFE /* Debug */ = {
			isa = XCBuildConfiguration;
			buildSettings = {
				ALWAYS_SEARCH_USER_PATHS = NO;
				ASSETCATALOG_COMPILER_GENERATE_SWIFT_ASSET_SYMBOL_EXTENSIONS = YES;
				CLANG_ANALYZER_NONNULL = YES;
				CLANG_ANALYZER_NUMBER_OBJECT_CONVERSION = YES_AGGRESSIVE;
				CLANG_CXX_LANGUAGE_STANDARD = "gnu++20";
				CLANG_ENABLE_MODULES = YES;
				CLANG_ENABLE_OBJC_ARC = YES;
				CLANG_ENABLE_OBJC_WEAK = YES;
				CLANG_WARN_BLOCK_CAPTURE_AUTORELEASING = YES;
				CLANG_WARN_BOOL_CONVERSION = YES;
				CLANG_WARN_COMMA = YES;
				CLANG_WARN_CONSTANT_CONVERSION = YES;
				CLANG_WARN_DEPRECATED_OBJC_IMPLEMENTATIONS = YES;
				CLANG_WARN_DIRECT_OBJC_ISA_USAGE = YES_ERROR;
				CLANG_WARN_DOCUMENTATION_COMMENTS = YES;
				CLANG_WARN_EMPTY_BODY = YES;
				CLANG_WARN_ENUM_CONVERSION = YES;
				CLANG_WARN_INFINITE_RECURSION = YES;
				CLANG_WARN_INT_CONVERSION = YES;
				CLANG_WARN_NON_LITERAL_NULL_CONVERSION = YES;
				CLANG_WARN_OBJC_IMPLICIT_RETAIN_SELF = YES;
				CLANG_WARN_OBJC_LITERAL_CONVERSION = YES;
				CLANG_WARN_OBJC_ROOT_CLASS = YES_ERROR;
				CLANG_WARN_QUOTED_INCLUDE_IN_FRAMEWORK_HEADER = YES;
				CLANG_WARN_RANGE_LOOP_ANALYSIS = YES;
				CLANG_WARN_STRICT_PROTOTYPES = YES;
				CLANG_WARN_SUSPICIOUS_MOVE = YES;
				CLANG_WARN_UNGUARDED_AVAILABILITY = YES_AGGRESSIVE;
				CLANG_WARN_UNREACHABLE_CODE = YES;
				CLANG_WARN__DUPLICATE_METHOD_MATCH = YES;
				COPY_PHASE_STRIP = NO;
				DEBUG_INFORMATION_FORMAT = dwarf;
				ENABLE_STRICT_OBJC_MSGSEND = YES;
				ENABLE_TESTABILITY = YES;
				ENABLE_USER_SCRIPT_SANDBOXING = YES;
				GCC_C_LANGUAGE_STANDARD = gnu17;
				GCC_DYNAMIC_NO_PIC = NO;
				GCC_NO_COMMON_BLOCKS = YES;
				GCC_OPTIMIZATION_LEVEL = 0;
				GCC_PREPROCESSOR_DEFINITIONS = (
					"DEBUG=1",
					"$(inherited)",
				);
				GCC_WARN_64_TO_32_BIT_CONVERSION = YES;
				GCC_WARN_ABOUT_RETURN_TYPE = YES_ERROR;
				GCC_WARN_UNDECLARED_SELECTOR = YES;
				GCC_WARN_UNINITIALIZED_AUTOS = YES_AGGRESSIVE;
				GCC_WARN_UNUSED_FUNCTION = YES;
				GCC_WARN_UNUSED_VARIABLE = YES;
				IPHONEOS_DEPLOYMENT_TARGET = 18.0;
				LOCALIZATION_PREFERS_STRING_CATALOGS = YES;
				MTL_ENABLE_DEBUG_INFO = INCLUDE_SOURCE;
				MTL_FAST_MATH = YES;
				ONLY_ACTIVE_ARCH = YES;
				SDKROOT = iphoneos;
				SWIFT_ACTIVE_COMPILATION_CONDITIONS = "DEBUG $(inherited)";
				SWIFT_OPTIMIZATION_LEVEL = "-Onone";
			};
			name = Debug;
		};
		30CE54A82CCC65D900D22CFE /* Release */ = {
			isa = XCBuildConfiguration;
			buildSettings = {
				ALWAYS_SEARCH_USER_PATHS = NO;
				ASSETCATALOG_COMPILER_GENERATE_SWIFT_ASSET_SYMBOL_EXTENSIONS = YES;
				CLANG_ANALYZER_NONNULL = YES;
				CLANG_ANALYZER_NUMBER_OBJECT_CONVERSION = YES_AGGRESSIVE;
				CLANG_CXX_LANGUAGE_STANDARD = "gnu++20";
				CLANG_ENABLE_MODULES = YES;
				CLANG_ENABLE_OBJC_ARC = YES;
				CLANG_ENABLE_OBJC_WEAK = YES;
				CLANG_WARN_BLOCK_CAPTURE_AUTORELEASING = YES;
				CLANG_WARN_BOOL_CONVERSION = YES;
				CLANG_WARN_COMMA = YES;
				CLANG_WARN_CONSTANT_CONVERSION = YES;
				CLANG_WARN_DEPRECATED_OBJC_IMPLEMENTATIONS = YES;
				CLANG_WARN_DIRECT_OBJC_ISA_USAGE = YES_ERROR;
				CLANG_WARN_DOCUMENTATION_COMMENTS = YES;
				CLANG_WARN_EMPTY_BODY = YES;
				CLANG_WARN_ENUM_CONVERSION = YES;
				CLANG_WARN_INFINITE_RECURSION = YES;
				CLANG_WARN_INT_CONVERSION = YES;
				CLANG_WARN_NON_LITERAL_NULL_CONVERSION = YES;
				CLANG_WARN_OBJC_IMPLICIT_RETAIN_SELF = YES;
				CLANG_WARN_OBJC_LITERAL_CONVERSION = YES;
				CLANG_WARN_OBJC_ROOT_CLASS = YES_ERROR;
				CLANG_WARN_QUOTED_INCLUDE_IN_FRAMEWORK_HEADER = YES;
				CLANG_WARN_RANGE_LOOP_ANALYSIS = YES;
				CLANG_WARN_STRICT_PROTOTYPES = YES;
				CLANG_WARN_SUSPICIOUS_MOVE = YES;
				CLANG_WARN_UNGUARDED_AVAILABILITY = YES_AGGRESSIVE;
				CLANG_WARN_UNREACHABLE_CODE = YES;
				CLANG_WARN__DUPLICATE_METHOD_MATCH = YES;
				COPY_PHASE_STRIP = NO;
				DEBUG_INFORMATION_FORMAT = "dwarf-with-dsym";
				ENABLE_NS_ASSERTIONS = NO;
				ENABLE_STRICT_OBJC_MSGSEND = YES;
				ENABLE_USER_SCRIPT_SANDBOXING = YES;
				GCC_C_LANGUAGE_STANDARD = gnu17;
				GCC_NO_COMMON_BLOCKS = YES;
				GCC_WARN_64_TO_32_BIT_CONVERSION = YES;
				GCC_WARN_ABOUT_RETURN_TYPE = YES_ERROR;
				GCC_WARN_UNDECLARED_SELECTOR = YES;
				GCC_WARN_UNINITIALIZED_AUTOS = YES_AGGRESSIVE;
				GCC_WARN_UNUSED_FUNCTION = YES;
				GCC_WARN_UNUSED_VARIABLE = YES;
				IPHONEOS_DEPLOYMENT_TARGET = 18.0;
				LOCALIZATION_PREFERS_STRING_CATALOGS = YES;
				MTL_ENABLE_DEBUG_INFO = NO;
				MTL_FAST_MATH = YES;
				SDKROOT = iphoneos;
				SWIFT_COMPILATION_MODE = wholemodule;
				VALIDATE_PRODUCT = YES;
			};
			name = Release;
		};
		30CE54AA2CCC65D900D22CFE /* Debug */ = {
			isa = XCBuildConfiguration;
			buildSettings = {
				ASSETCATALOG_COMPILER_APPICON_NAME = AppIcon;
				ASSETCATALOG_COMPILER_GLOBAL_ACCENT_COLOR_NAME = AccentColor;
				CODE_SIGN_STYLE = Automatic;
				CURRENT_PROJECT_VERSION = 1;
				DEVELOPMENT_ASSET_PATHS = "\"Messenger/Preview Content\"";
				DEVELOPMENT_TEAM = 26H5KWS9TD;
				ENABLE_PREVIEWS = YES;
				GENERATE_INFOPLIST_FILE = YES;
				INFOPLIST_KEY_UIApplicationSceneManifest_Generation = YES;
				INFOPLIST_KEY_UIApplicationSupportsIndirectInputEvents = YES;
				INFOPLIST_KEY_UILaunchScreen_Generation = YES;
				INFOPLIST_KEY_UISupportedInterfaceOrientations_iPad = "UIInterfaceOrientationPortrait UIInterfaceOrientationPortraitUpsideDown UIInterfaceOrientationLandscapeLeft UIInterfaceOrientationLandscapeRight";
				INFOPLIST_KEY_UISupportedInterfaceOrientations_iPhone = "UIInterfaceOrientationPortrait UIInterfaceOrientationLandscapeLeft UIInterfaceOrientationLandscapeRight";
				LD_RUNPATH_SEARCH_PATHS = (
					"$(inherited)",
					"@executable_path/Frameworks",
				);
				MARKETING_VERSION = 1.0;
				PRODUCT_BUNDLE_IDENTIFIER = self.Messenger;
				PRODUCT_NAME = "$(TARGET_NAME)";
				SWIFT_EMIT_LOC_STRINGS = YES;
				SWIFT_VERSION = 5.0;
				TARGETED_DEVICE_FAMILY = "1,2";
			};
			name = Debug;
		};
		30CE54AB2CCC65D900D22CFE /* Release */ = {
			isa = XCBuildConfiguration;
			buildSettings = {
				ASSETCATALOG_COMPILER_APPICON_NAME = AppIcon;
				ASSETCATALOG_COMPILER_GLOBAL_ACCENT_COLOR_NAME = AccentColor;
				CODE_SIGN_STYLE = Automatic;
				CURRENT_PROJECT_VERSION = 1;
				DEVELOPMENT_ASSET_PATHS = "\"Messenger/Preview Content\"";
				DEVELOPMENT_TEAM = 26H5KWS9TD;
				ENABLE_PREVIEWS = YES;
				GENERATE_INFOPLIST_FILE = YES;
				INFOPLIST_KEY_UIApplicationSceneManifest_Generation = YES;
				INFOPLIST_KEY_UIApplicationSupportsIndirectInputEvents = YES;
				INFOPLIST_KEY_UILaunchScreen_Generation = YES;
				INFOPLIST_KEY_UISupportedInterfaceOrientations_iPad = "UIInterfaceOrientationPortrait UIInterfaceOrientationPortraitUpsideDown UIInterfaceOrientationLandscapeLeft UIInterfaceOrientationLandscapeRight";
				INFOPLIST_KEY_UISupportedInterfaceOrientations_iPhone = "UIInterfaceOrientationPortrait UIInterfaceOrientationLandscapeLeft UIInterfaceOrientationLandscapeRight";
				LD_RUNPATH_SEARCH_PATHS = (
					"$(inherited)",
					"@executable_path/Frameworks",
				);
				MARKETING_VERSION = 1.0;
				PRODUCT_BUNDLE_IDENTIFIER = self.Messenger;
				PRODUCT_NAME = "$(TARGET_NAME)";
				SWIFT_EMIT_LOC_STRINGS = YES;
				SWIFT_VERSION = 5.0;
				TARGETED_DEVICE_FAMILY = "1,2";
			};
			name = Release;
		};
		30CE54AD2CCC65D900D22CFE /* Debug */ = {
			isa = XCBuildConfiguration;
			buildSettings = {
				BUNDLE_LOADER = "$(TEST_HOST)";
				CODE_SIGN_STYLE = Automatic;
				CURRENT_PROJECT_VERSION = 1;
				DEVELOPMENT_TEAM = 26H5KWS9TD;
				GENERATE_INFOPLIST_FILE = YES;
				IPHONEOS_DEPLOYMENT_TARGET = 18.0;
				MARKETING_VERSION = 1.0;
				PRODUCT_BUNDLE_IDENTIFIER = self.MessengerTests;
				PRODUCT_NAME = "$(TARGET_NAME)";
				SWIFT_EMIT_LOC_STRINGS = NO;
				SWIFT_VERSION = 5.0;
				TARGETED_DEVICE_FAMILY = "1,2";
				TEST_HOST = "$(BUILT_PRODUCTS_DIR)/Messenger.app/$(BUNDLE_EXECUTABLE_FOLDER_PATH)/Messenger";
			};
			name = Debug;
		};
		30CE54AE2CCC65D900D22CFE /* Release */ = {
			isa = XCBuildConfiguration;
			buildSettings = {
				BUNDLE_LOADER = "$(TEST_HOST)";
				CODE_SIGN_STYLE = Automatic;
				CURRENT_PROJECT_VERSION = 1;
				DEVELOPMENT_TEAM = 26H5KWS9TD;
				GENERATE_INFOPLIST_FILE = YES;
				IPHONEOS_DEPLOYMENT_TARGET = 18.0;
				MARKETING_VERSION = 1.0;
				PRODUCT_BUNDLE_IDENTIFIER = self.MessengerTests;
				PRODUCT_NAME = "$(TARGET_NAME)";
				SWIFT_EMIT_LOC_STRINGS = NO;
				SWIFT_VERSION = 5.0;
				TARGETED_DEVICE_FAMILY = "1,2";
				TEST_HOST = "$(BUILT_PRODUCTS_DIR)/Messenger.app/$(BUNDLE_EXECUTABLE_FOLDER_PATH)/Messenger";
			};
			name = Release;
		};
		30CE54B02CCC65D900D22CFE /* Debug */ = {
			isa = XCBuildConfiguration;
			buildSettings = {
				CODE_SIGN_STYLE = Automatic;
				CURRENT_PROJECT_VERSION = 1;
				DEVELOPMENT_TEAM = 26H5KWS9TD;
				GENERATE_INFOPLIST_FILE = YES;
				MARKETING_VERSION = 1.0;
				PRODUCT_BUNDLE_IDENTIFIER = self.MessengerUITests;
				PRODUCT_NAME = "$(TARGET_NAME)";
				SWIFT_EMIT_LOC_STRINGS = NO;
				SWIFT_VERSION = 5.0;
				TARGETED_DEVICE_FAMILY = "1,2";
				TEST_TARGET_NAME = Messenger;
			};
			name = Debug;
		};
		30CE54B12CCC65D900D22CFE /* Release */ = {
			isa = XCBuildConfiguration;
			buildSettings = {
				CODE_SIGN_STYLE = Automatic;
				CURRENT_PROJECT_VERSION = 1;
				DEVELOPMENT_TEAM = 26H5KWS9TD;
				GENERATE_INFOPLIST_FILE = YES;
				MARKETING_VERSION = 1.0;
				PRODUCT_BUNDLE_IDENTIFIER = self.MessengerUITests;
				PRODUCT_NAME = "$(TARGET_NAME)";
				SWIFT_EMIT_LOC_STRINGS = NO;
				SWIFT_VERSION = 5.0;
				TARGETED_DEVICE_FAMILY = "1,2";
				TEST_TARGET_NAME = Messenger;
			};
			name = Release;
		};
/* End XCBuildConfiguration section */

/* Begin XCConfigurationList section */
		30CE547E2CCC65D700D22CFE /* Build configuration list for PBXProject "Messenger" */ = {
			isa = XCConfigurationList;
			buildConfigurations = (
				30CE54A72CCC65D900D22CFE /* Debug */,
				30CE54A82CCC65D900D22CFE /* Release */,
			);
			defaultConfigurationIsVisible = 0;
			defaultConfigurationName = Release;
		};
		30CE54A92CCC65D900D22CFE /* Build configuration list for PBXNativeTarget "Messenger" */ = {
			isa = XCConfigurationList;
			buildConfigurations = (
				30CE54AA2CCC65D900D22CFE /* Debug */,
				30CE54AB2CCC65D900D22CFE /* Release */,
			);
			defaultConfigurationIsVisible = 0;
			defaultConfigurationName = Release;
		};
		30CE54AC2CCC65D900D22CFE /* Build configuration list for PBXNativeTarget "MessengerTests" */ = {
			isa = XCConfigurationList;
			buildConfigurations = (
				30CE54AD2CCC65D900D22CFE /* Debug */,
				30CE54AE2CCC65D900D22CFE /* Release */,
			);
			defaultConfigurationIsVisible = 0;
			defaultConfigurationName = Release;
		};
		30CE54AF2CCC65D900D22CFE /* Build configuration list for PBXNativeTarget "MessengerUITests" */ = {
			isa = XCConfigurationList;
			buildConfigurations = (
				30CE54B02CCC65D900D22CFE /* Debug */,
				30CE54B12CCC65D900D22CFE /* Release */,
			);
			defaultConfigurationIsVisible = 0;
			defaultConfigurationName = Release;
		};
/* End XCConfigurationList section */
	};
	rootObject = 30CE547B2CCC65D700D22CFE /* Project object */;
}
